// !$*UTF8*$!
{
	archiveVersion = 1;
	classes = {
	};
	objectVersion = 55;
	objects = {

/* Begin PBXBuildFile section */
		7384E6AC289CB0FD004FD81B /* AppDelegate.swift in Sources */ = {isa = PBXBuildFile; fileRef = 7384E6AB289CB0FD004FD81B /* AppDelegate.swift */; };
		7384E6AE289CB0FD004FD81B /* SceneDelegate.swift in Sources */ = {isa = PBXBuildFile; fileRef = 7384E6AD289CB0FD004FD81B /* SceneDelegate.swift */; };
		7384E6B0289CB0FD004FD81B /* ViewController.swift in Sources */ = {isa = PBXBuildFile; fileRef = 7384E6AF289CB0FD004FD81B /* ViewController.swift */; };
		7384E6B3289CB0FD004FD81B /* Main.storyboard in Resources */ = {isa = PBXBuildFile; fileRef = 7384E6B1289CB0FD004FD81B /* Main.storyboard */; };
		7384E6B5289CB105004FD81B /* Assets.xcassets in Resources */ = {isa = PBXBuildFile; fileRef = 7384E6B4289CB105004FD81B /* Assets.xcassets */; };
		7384E6B8289CB105004FD81B /* LaunchScreen.storyboard in Resources */ = {isa = PBXBuildFile; fileRef = 7384E6B6289CB105004FD81B /* LaunchScreen.storyboard */; };
		7384E6C3289CB105004FD81B /* BytedanceTetrisTests.swift in Sources */ = {isa = PBXBuildFile; fileRef = 7384E6C2289CB105004FD81B /* BytedanceTetrisTests.swift */; };
		7384E6CD289CB106004FD81B /* BytedanceTetrisUITests.swift in Sources */ = {isa = PBXBuildFile; fileRef = 7384E6CC289CB106004FD81B /* BytedanceTetrisUITests.swift */; };
		7384E6CF289CB106004FD81B /* BytedanceTetrisUITestsLaunchTests.swift in Sources */ = {isa = PBXBuildFile; fileRef = 7384E6CE289CB106004FD81B /* BytedanceTetrisUITestsLaunchTests.swift */; };
/* End PBXBuildFile section */

/* Begin PBXContainerItemProxy section */
		7384E6BF289CB105004FD81B /* PBXContainerItemProxy */ = {
			isa = PBXContainerItemProxy;
			containerPortal = 7384E6A0289CB0FD004FD81B /* Project object */;
			proxyType = 1;
			remoteGlobalIDString = 7384E6A7289CB0FD004FD81B;
			remoteInfo = BytedanceTetris;
		};
		7384E6C9289CB106004FD81B /* PBXContainerItemProxy */ = {
			isa = PBXContainerItemProxy;
			containerPortal = 7384E6A0289CB0FD004FD81B /* Project object */;
			proxyType = 1;
			remoteGlobalIDString = 7384E6A7289CB0FD004FD81B;
			remoteInfo = BytedanceTetris;
		};
/* End PBXContainerItemProxy section */

/* Begin PBXFileReference section */
		7384E6A8289CB0FD004FD81B /* BytedanceTetris.app */ = {isa = PBXFileReference; explicitFileType = wrapper.application; includeInIndex = 0; path = BytedanceTetris.app; sourceTree = BUILT_PRODUCTS_DIR; };
		7384E6AB289CB0FD004FD81B /* AppDelegate.swift */ = {isa = PBXFileReference; lastKnownFileType = sourcecode.swift; path = AppDelegate.swift; sourceTree = "<group>"; };
		7384E6AD289CB0FD004FD81B /* SceneDelegate.swift */ = {isa = PBXFileReference; lastKnownFileType = sourcecode.swift; path = SceneDelegate.swift; sourceTree = "<group>"; };
		7384E6AF289CB0FD004FD81B /* ViewController.swift */ = {isa = PBXFileReference; lastKnownFileType = sourcecode.swift; path = ViewController.swift; sourceTree = "<group>"; };
		7384E6B2289CB0FD004FD81B /* Base */ = {isa = PBXFileReference; lastKnownFileType = file.storyboard; name = Base; path = Base.lproj/Main.storyboard; sourceTree = "<group>"; };
		7384E6B4289CB105004FD81B /* Assets.xcassets */ = {isa = PBXFileReference; lastKnownFileType = folder.assetcatalog; path = Assets.xcassets; sourceTree = "<group>"; };
		7384E6B7289CB105004FD81B /* Base */ = {isa = PBXFileReference; lastKnownFileType = file.storyboard; name = Base; path = Base.lproj/LaunchScreen.storyboard; sourceTree = "<group>"; };
		7384E6B9289CB105004FD81B /* Info.plist */ = {isa = PBXFileReference; lastKnownFileType = text.plist.xml; path = Info.plist; sourceTree = "<group>"; };
		7384E6BE289CB105004FD81B /* BytedanceTetrisTests.xctest */ = {isa = PBXFileReference; explicitFileType = wrapper.cfbundle; includeInIndex = 0; path = BytedanceTetrisTests.xctest; sourceTree = BUILT_PRODUCTS_DIR; };
		7384E6C2289CB105004FD81B /* BytedanceTetrisTests.swift */ = {isa = PBXFileReference; lastKnownFileType = sourcecode.swift; path = BytedanceTetrisTests.swift; sourceTree = "<group>"; };
		7384E6C8289CB105004FD81B /* BytedanceTetrisUITests.xctest */ = {isa = PBXFileReference; explicitFileType = wrapper.cfbundle; includeInIndex = 0; path = BytedanceTetrisUITests.xctest; sourceTree = BUILT_PRODUCTS_DIR; };
		7384E6CC289CB106004FD81B /* BytedanceTetrisUITests.swift */ = {isa = PBXFileReference; lastKnownFileType = sourcecode.swift; path = BytedanceTetrisUITests.swift; sourceTree = "<group>"; };
		7384E6CE289CB106004FD81B /* BytedanceTetrisUITestsLaunchTests.swift */ = {isa = PBXFileReference; lastKnownFileType = sourcecode.swift; path = BytedanceTetrisUITestsLaunchTests.swift; sourceTree = "<group>"; };
/* End PBXFileReference section */

/* Begin PBXFrameworksBuildPhase section */
		7384E6A5289CB0FD004FD81B /* Frameworks */ = {
			isa = PBXFrameworksBuildPhase;
			buildActionMask = 2147483647;
			files = (
			);
			runOnlyForDeploymentPostprocessing = 0;
		};
		7384E6BB289CB105004FD81B /* Frameworks */ = {
			isa = PBXFrameworksBuildPhase;
			buildActionMask = 2147483647;
			files = (
			);
			runOnlyForDeploymentPostprocessing = 0;
		};
		7384E6C5289CB105004FD81B /* Frameworks */ = {
			isa = PBXFrameworksBuildPhase;
			buildActionMask = 2147483647;
			files = (
			);
			runOnlyForDeploymentPostprocessing = 0;
		};
/* End PBXFrameworksBuildPhase section */

/* Begin PBXGroup section */
		7384E69F289CB0FD004FD81B = {
			isa = PBXGroup;
			children = (
				7384E6AA289CB0FD004FD81B /* BytedanceTetris */,
				7384E6C1289CB105004FD81B /* BytedanceTetrisTests */,
				7384E6CB289CB106004FD81B /* BytedanceTetrisUITests */,
				7384E6A9289CB0FD004FD81B /* Products */,
			);
			sourceTree = "<group>";
		};
		7384E6A9289CB0FD004FD81B /* Products */ = {
			isa = PBXGroup;
			children = (
				7384E6A8289CB0FD004FD81B /* BytedanceTetris.app */,
				7384E6BE289CB105004FD81B /* BytedanceTetrisTests.xctest */,
				7384E6C8289CB105004FD81B /* BytedanceTetrisUITests.xctest */,
			);
			name = Products;
			sourceTree = "<group>";
		};
		7384E6AA289CB0FD004FD81B /* BytedanceTetris */ = {
			isa = PBXGroup;
			children = (
				7384E6AB289CB0FD004FD81B /* AppDelegate.swift */,
				7384E6AD289CB0FD004FD81B /* SceneDelegate.swift */,
				7384E6AF289CB0FD004FD81B /* ViewController.swift */,
				7384E6B1289CB0FD004FD81B /* Main.storyboard */,
				7384E6B4289CB105004FD81B /* Assets.xcassets */,
				7384E6B6289CB105004FD81B /* LaunchScreen.storyboard */,
				7384E6B9289CB105004FD81B /* Info.plist */,
			);
			path = BytedanceTetris;
			sourceTree = "<group>";
		};
		7384E6C1289CB105004FD81B /* BytedanceTetrisTests */ = {
			isa = PBXGroup;
			children = (
				7384E6C2289CB105004FD81B /* BytedanceTetrisTests.swift */,
			);
			path = BytedanceTetrisTests;
			sourceTree = "<group>";
		};
		7384E6CB289CB106004FD81B /* BytedanceTetrisUITests */ = {
			isa = PBXGroup;
			children = (
				7384E6CC289CB106004FD81B /* BytedanceTetrisUITests.swift */,
				7384E6CE289CB106004FD81B /* BytedanceTetrisUITestsLaunchTests.swift */,
			);
			path = BytedanceTetrisUITests;
			sourceTree = "<group>";
		};
/* End PBXGroup section */

/* Begin PBXNativeTarget section */
		7384E6A7289CB0FD004FD81B /* BytedanceTetris */ = {
			isa = PBXNativeTarget;
			buildConfigurationList = 7384E6D2289CB106004FD81B /* Build configuration list for PBXNativeTarget "BytedanceTetris" */;
			buildPhases = (
				7384E6A4289CB0FD004FD81B /* Sources */,
				7384E6A5289CB0FD004FD81B /* Frameworks */,
				7384E6A6289CB0FD004FD81B /* Resources */,
			);
			buildRules = (
			);
			dependencies = (
			);
			name = BytedanceTetris;
			productName = BytedanceTetris;
			productReference = 7384E6A8289CB0FD004FD81B /* BytedanceTetris.app */;
			productType = "com.apple.product-type.application";
		};
		7384E6BD289CB105004FD81B /* BytedanceTetrisTests */ = {
			isa = PBXNativeTarget;
			buildConfigurationList = 7384E6D5289CB106004FD81B /* Build configuration list for PBXNativeTarget "BytedanceTetrisTests" */;
			buildPhases = (
				7384E6BA289CB105004FD81B /* Sources */,
				7384E6BB289CB105004FD81B /* Frameworks */,
				7384E6BC289CB105004FD81B /* Resources */,
			);
			buildRules = (
			);
			dependencies = (
				7384E6C0289CB105004FD81B /* PBXTargetDependency */,
			);
			name = BytedanceTetrisTests;
			productName = BytedanceTetrisTests;
			productReference = 7384E6BE289CB105004FD81B /* BytedanceTetrisTests.xctest */;
			productType = "com.apple.product-type.bundle.unit-test";
		};
		7384E6C7289CB105004FD81B /* BytedanceTetrisUITests */ = {
			isa = PBXNativeTarget;
			buildConfigurationList = 7384E6D8289CB106004FD81B /* Build configuration list for PBXNativeTarget "BytedanceTetrisUITests" */;
			buildPhases = (
				7384E6C4289CB105004FD81B /* Sources */,
				7384E6C5289CB105004FD81B /* Frameworks */,
				7384E6C6289CB105004FD81B /* Resources */,
			);
			buildRules = (
			);
			dependencies = (
				7384E6CA289CB106004FD81B /* PBXTargetDependency */,
			);
			name = BytedanceTetrisUITests;
			productName = BytedanceTetrisUITests;
			productReference = 7384E6C8289CB105004FD81B /* BytedanceTetrisUITests.xctest */;
			productType = "com.apple.product-type.bundle.ui-testing";
		};
/* End PBXNativeTarget section */

/* Begin PBXProject section */
		7384E6A0289CB0FD004FD81B /* Project object */ = {
			isa = PBXProject;
			attributes = {
				BuildIndependentTargetsInParallel = 1;
				LastSwiftUpdateCheck = 1310;
				LastUpgradeCheck = 1310;
				TargetAttributes = {
					7384E6A7289CB0FD004FD81B = {
						CreatedOnToolsVersion = 13.1;
					};
					7384E6BD289CB105004FD81B = {
						CreatedOnToolsVersion = 13.1;
						TestTargetID = 7384E6A7289CB0FD004FD81B;
					};
					7384E6C7289CB105004FD81B = {
						CreatedOnToolsVersion = 13.1;
						TestTargetID = 7384E6A7289CB0FD004FD81B;
					};
				};
			};
			buildConfigurationList = 7384E6A3289CB0FD004FD81B /* Build configuration list for PBXProject "BytedanceTetris" */;
			compatibilityVersion = "Xcode 13.0";
			developmentRegion = en;
			hasScannedForEncodings = 0;
			knownRegions = (
				en,
				Base,
			);
			mainGroup = 7384E69F289CB0FD004FD81B;
			productRefGroup = 7384E6A9289CB0FD004FD81B /* Products */;
			projectDirPath = "";
			projectRoot = "";
			targets = (
				7384E6A7289CB0FD004FD81B /* BytedanceTetris */,
				7384E6BD289CB105004FD81B /* BytedanceTetrisTests */,
				7384E6C7289CB105004FD81B /* BytedanceTetrisUITests */,
			);
		};
/* End PBXProject section */

/* Begin PBXResourcesBuildPhase section */
		7384E6A6289CB0FD004FD81B /* Resources */ = {
			isa = PBXResourcesBuildPhase;
			buildActionMask = 2147483647;
			files = (
				7384E6B8289CB105004FD81B /* LaunchScreen.storyboard in Resources */,
				7384E6B5289CB105004FD81B /* Assets.xcassets in Resources */,
				7384E6B3289CB0FD004FD81B /* Main.storyboard in Resources */,
			);
			runOnlyForDeploymentPostprocessing = 0;
		};
		7384E6BC289CB105004FD81B /* Resources */ = {
			isa = PBXResourcesBuildPhase;
			buildActionMask = 2147483647;
			files = (
			);
			runOnlyForDeploymentPostprocessing = 0;
		};
		7384E6C6289CB105004FD81B /* Resources */ = {
			isa = PBXResourcesBuildPhase;
			buildActionMask = 2147483647;
			files = (
			);
			runOnlyForDeploymentPostprocessing = 0;
		};
/* End PBXResourcesBuildPhase section */

/* Begin PBXSourcesBuildPhase section */
		7384E6A4289CB0FD004FD81B /* Sources */ = {
			isa = PBXSourcesBuildPhase;
			buildActionMask = 2147483647;
			files = (
				7384E6B0289CB0FD004FD81B /* ViewController.swift in Sources */,
				7384E6AC289CB0FD004FD81B /* AppDelegate.swift in Sources */,
				7384E6AE289CB0FD004FD81B /* SceneDelegate.swift in Sources */,
			);
			runOnlyForDeploymentPostprocessing = 0;
		};
		7384E6BA289CB105004FD81B /* Sources */ = {
			isa = PBXSourcesBuildPhase;
			buildActionMask = 2147483647;
			files = (
				7384E6C3289CB105004FD81B /* BytedanceTetrisTests.swift in Sources */,
			);
			runOnlyForDeploymentPostprocessing = 0;
		};
		7384E6C4289CB105004FD81B /* Sources */ = {
			isa = PBXSourcesBuildPhase;
			buildActionMask = 2147483647;
			files = (
				7384E6CD289CB106004FD81B /* BytedanceTetrisUITests.swift in Sources */,
				7384E6CF289CB106004FD81B /* BytedanceTetrisUITestsLaunchTests.swift in Sources */,
			);
			runOnlyForDeploymentPostprocessing = 0;
		};
/* End PBXSourcesBuildPhase section */

/* Begin PBXTargetDependency section */
		7384E6C0289CB105004FD81B /* PBXTargetDependency */ = {
			isa = PBXTargetDependency;
			target = 7384E6A7289CB0FD004FD81B /* BytedanceTetris */;
			targetProxy = 7384E6BF289CB105004FD81B /* PBXContainerItemProxy */;
		};
		7384E6CA289CB106004FD81B /* PBXTargetDependency */ = {
			isa = PBXTargetDependency;
			target = 7384E6A7289CB0FD004FD81B /* BytedanceTetris */;
			targetProxy = 7384E6C9289CB106004FD81B /* PBXContainerItemProxy */;
		};
/* End PBXTargetDependency section */

/* Begin PBXVariantGroup section */
		7384E6B1289CB0FD004FD81B /* Main.storyboard */ = {
			isa = PBXVariantGroup;
			children = (
				7384E6B2289CB0FD004FD81B /* Base */,
			);
			name = Main.storyboard;
			sourceTree = "<group>";
		};
		7384E6B6289CB105004FD81B /* LaunchScreen.storyboard */ = {
			isa = PBXVariantGroup;
			children = (
				7384E6B7289CB105004FD81B /* Base */,
			);
			name = LaunchScreen.storyboard;
			sourceTree = "<group>";
		};
/* End PBXVariantGroup section */

/* Begin XCBuildConfiguration section */
		7384E6D0289CB106004FD81B /* Debug */ = {
			isa = XCBuildConfiguration;
			buildSettings = {
				ALWAYS_SEARCH_USER_PATHS = NO;
				CLANG_ANALYZER_NONNULL = YES;
				CLANG_ANALYZER_NUMBER_OBJECT_CONVERSION = YES_AGGRESSIVE;
				CLANG_CXX_LANGUAGE_STANDARD = "gnu++17";
				CLANG_CXX_LIBRARY = "libc++";
				CLANG_ENABLE_MODULES = YES;
				CLANG_ENABLE_OBJC_ARC = YES;
				CLANG_ENABLE_OBJC_WEAK = YES;
				CLANG_WARN_BLOCK_CAPTURE_AUTORELEASING = YES;
				CLANG_WARN_BOOL_CONVERSION = YES;
				CLANG_WARN_COMMA = YES;
				CLANG_WARN_CONSTANT_CONVERSION = YES;
				CLANG_WARN_DEPRECATED_OBJC_IMPLEMENTATIONS = YES;
				CLANG_WARN_DIRECT_OBJC_ISA_USAGE = YES_ERROR;
				CLANG_WARN_DOCUMENTATION_COMMENTS = YES;
				CLANG_WARN_EMPTY_BODY = YES;
				CLANG_WARN_ENUM_CONVERSION = YES;
				CLANG_WARN_INFINITE_RECURSION = YES;
				CLANG_WARN_INT_CONVERSION = YES;
				CLANG_WARN_NON_LITERAL_NULL_CONVERSION = YES;
				CLANG_WARN_OBJC_IMPLICIT_RETAIN_SELF = YES;
				CLANG_WARN_OBJC_LITERAL_CONVERSION = YES;
				CLANG_WARN_OBJC_ROOT_CLASS = YES_ERROR;
				CLANG_WARN_QUOTED_INCLUDE_IN_FRAMEWORK_HEADER = YES;
				CLANG_WARN_RANGE_LOOP_ANALYSIS = YES;
				CLANG_WARN_STRICT_PROTOTYPES = YES;
				CLANG_WARN_SUSPICIOUS_MOVE = YES;
				CLANG_WARN_UNGUARDED_AVAILABILITY = YES_AGGRESSIVE;
				CLANG_WARN_UNREACHABLE_CODE = YES;
				CLANG_WARN__DUPLICATE_METHOD_MATCH = YES;
				COPY_PHASE_STRIP = NO;
				DEBUG_INFORMATION_FORMAT = dwarf;
				ENABLE_STRICT_OBJC_MSGSEND = YES;
				ENABLE_TESTABILITY = YES;
				GCC_C_LANGUAGE_STANDARD = gnu11;
				GCC_DYNAMIC_NO_PIC = NO;
				GCC_NO_COMMON_BLOCKS = YES;
				GCC_OPTIMIZATION_LEVEL = 0;
				GCC_PREPROCESSOR_DEFINITIONS = (
					"DEBUG=1",
					"$(inherited)",
				);
				GCC_WARN_64_TO_32_BIT_CONVERSION = YES;
				GCC_WARN_ABOUT_RETURN_TYPE = YES_ERROR;
				GCC_WARN_UNDECLARED_SELECTOR = YES;
				GCC_WARN_UNINITIALIZED_AUTOS = YES_AGGRESSIVE;
				GCC_WARN_UNUSED_FUNCTION = YES;
				GCC_WARN_UNUSED_VARIABLE = YES;
				IPHONEOS_DEPLOYMENT_TARGET = 15.0;
				MTL_ENABLE_DEBUG_INFO = INCLUDE_SOURCE;
				MTL_FAST_MATH = YES;
				ONLY_ACTIVE_ARCH = YES;
				SDKROOT = iphoneos;
				SWIFT_ACTIVE_COMPILATION_CONDITIONS = DEBUG;
				SWIFT_OPTIMIZATION_LEVEL = "-Onone";
			};
			name = Debug;
		};
		7384E6D1289CB106004FD81B /* Release */ = {
			isa = XCBuildConfiguration;
			buildSettings = {
				ALWAYS_SEARCH_USER_PATHS = NO;
				CLANG_ANALYZER_NONNULL = YES;
				CLANG_ANALYZER_NUMBER_OBJECT_CONVERSION = YES_AGGRESSIVE;
				CLANG_CXX_LANGUAGE_STANDARD = "gnu++17";
				CLANG_CXX_LIBRARY = "libc++";
				CLANG_ENABLE_MODULES = YES;
				CLANG_ENABLE_OBJC_ARC = YES;
				CLANG_ENABLE_OBJC_WEAK = YES;
				CLANG_WARN_BLOCK_CAPTURE_AUTORELEASING = YES;
				CLANG_WARN_BOOL_CONVERSION = YES;
				CLANG_WARN_COMMA = YES;
				CLANG_WARN_CONSTANT_CONVERSION = YES;
				CLANG_WARN_DEPRECATED_OBJC_IMPLEMENTATIONS = YES;
				CLANG_WARN_DIRECT_OBJC_ISA_USAGE = YES_ERROR;
				CLANG_WARN_DOCUMENTATION_COMMENTS = YES;
				CLANG_WARN_EMPTY_BODY = YES;
				CLANG_WARN_ENUM_CONVERSION = YES;
				CLANG_WARN_INFINITE_RECURSION = YES;
				CLANG_WARN_INT_CONVERSION = YES;
				CLANG_WARN_NON_LITERAL_NULL_CONVERSION = YES;
				CLANG_WARN_OBJC_IMPLICIT_RETAIN_SELF = YES;
				CLANG_WARN_OBJC_LITERAL_CONVERSION = YES;
				CLANG_WARN_OBJC_ROOT_CLASS = YES_ERROR;
				CLANG_WARN_QUOTED_INCLUDE_IN_FRAMEWORK_HEADER = YES;
				CLANG_WARN_RANGE_LOOP_ANALYSIS = YES;
				CLANG_WARN_STRICT_PROTOTYPES = YES;
				CLANG_WARN_SUSPICIOUS_MOVE = YES;
				CLANG_WARN_UNGUARDED_AVAILABILITY = YES_AGGRESSIVE;
				CLANG_WARN_UNREACHABLE_CODE = YES;
				CLANG_WARN__DUPLICATE_METHOD_MATCH = YES;
				COPY_PHASE_STRIP = NO;
				DEBUG_INFORMATION_FORMAT = "dwarf-with-dsym";
				ENABLE_NS_ASSERTIONS = NO;
				ENABLE_STRICT_OBJC_MSGSEND = YES;
				GCC_C_LANGUAGE_STANDARD = gnu11;
				GCC_NO_COMMON_BLOCKS = YES;
				GCC_WARN_64_TO_32_BIT_CONVERSION = YES;
				GCC_WARN_ABOUT_RETURN_TYPE = YES_ERROR;
				GCC_WARN_UNDECLARED_SELECTOR = YES;
				GCC_WARN_UNINITIALIZED_AUTOS = YES_AGGRESSIVE;
				GCC_WARN_UNUSED_FUNCTION = YES;
				GCC_WARN_UNUSED_VARIABLE = YES;
				IPHONEOS_DEPLOYMENT_TARGET = 15.0;
				MTL_ENABLE_DEBUG_INFO = NO;
				MTL_FAST_MATH = YES;
				SDKROOT = iphoneos;
				SWIFT_COMPILATION_MODE = wholemodule;
				SWIFT_OPTIMIZATION_LEVEL = "-O";
				VALIDATE_PRODUCT = YES;
			};
			name = Release;
		};
		7384E6D3289CB106004FD81B /* Debug */ = {
			isa = XCBuildConfiguration;
			buildSettings = {
				ASSETCATALOG_COMPILER_APPICON_NAME = AppIcon;
				ASSETCATALOG_COMPILER_GLOBAL_ACCENT_COLOR_NAME = AccentColor;
				CODE_SIGN_STYLE = Automatic;
				CURRENT_PROJECT_VERSION = 1;
				DEVELOPMENT_TEAM = 683BP79VXM;
				GENERATE_INFOPLIST_FILE = YES;
				INFOPLIST_FILE = BytedanceTetris/Info.plist;
				INFOPLIST_KEY_UIApplicationSupportsIndirectInputEvents = YES;
				INFOPLIST_KEY_UILaunchStoryboardName = LaunchScreen;
				INFOPLIST_KEY_UIMainStoryboardFile = Main;
				INFOPLIST_KEY_UISupportedInterfaceOrientations_iPad = "UIInterfaceOrientationPortrait UIInterfaceOrientationPortraitUpsideDown UIInterfaceOrientationLandscapeLeft UIInterfaceOrientationLandscapeRight";
				INFOPLIST_KEY_UISupportedInterfaceOrientations_iPhone = "UIInterfaceOrientationPortrait UIInterfaceOrientationLandscapeLeft UIInterfaceOrientationLandscapeRight";
				LD_RUNPATH_SEARCH_PATHS = (
					"$(inherited)",
					"@executable_path/Frameworks",
				);
				MARKETING_VERSION = 1.0;
				PRODUCT_BUNDLE_IDENTIFIER = com.bytedance.BytedanceTetris;
				PRODUCT_NAME = "$(TARGET_NAME)";
				SWIFT_EMIT_LOC_STRINGS = YES;
				SWIFT_VERSION = 5.0;
				TARGETED_DEVICE_FAMILY = "1,2";
			};
			name = Debug;
		};
		7384E6D4289CB106004FD81B /* Release */ = {
			isa = XCBuildConfiguration;
			buildSettings = {
				ASSETCATALOG_COMPILER_APPICON_NAME = AppIcon;
				ASSETCATALOG_COMPILER_GLOBAL_ACCENT_COLOR_NAME = AccentColor;
				CODE_SIGN_STYLE = Automatic;
				CURRENT_PROJECT_VERSION = 1;
				DEVELOPMENT_TEAM = 683BP79VXM;
				GENERATE_INFOPLIST_FILE = YES;
				INFOPLIST_FILE = BytedanceTetris/Info.plist;
				INFOPLIST_KEY_UIApplicationSupportsIndirectInputEvents = YES;
				INFOPLIST_KEY_UILaunchStoryboardName = LaunchScreen;
				INFOPLIST_KEY_UIMainStoryboardFile = Main;
				INFOPLIST_KEY_UISupportedInterfaceOrientations_iPad = "UIInterfaceOrientationPortrait UIInterfaceOrientationPortraitUpsideDown UIInterfaceOrientationLandscapeLeft UIInterfaceOrientationLandscapeRight";
				INFOPLIST_KEY_UISupportedInterfaceOrientations_iPhone = "UIInterfaceOrientationPortrait UIInterfaceOrientationLandscapeLeft UIInterfaceOrientationLandscapeRight";
				LD_RUNPATH_SEARCH_PATHS = (
					"$(inherited)",
					"@executable_path/Frameworks",
				);
				MARKETING_VERSION = 1.0;
				PRODUCT_BUNDLE_IDENTIFIER = com.bytedance.BytedanceTetris;
				PRODUCT_NAME = "$(TARGET_NAME)";
				SWIFT_EMIT_LOC_STRINGS = YES;
				SWIFT_VERSION = 5.0;
				TARGETED_DEVICE_FAMILY = "1,2";
			};
			name = Release;
		};
		7384E6D6289CB106004FD81B /* Debug */ = {
			isa = XCBuildConfiguration;
			buildSettings = {
				ALWAYS_EMBED_SWIFT_STANDARD_LIBRARIES = YES;
				BUNDLE_LOADER = "$(TEST_HOST)";
				CODE_SIGN_STYLE = Automatic;
				CURRENT_PROJECT_VERSION = 1;
				DEVELOPMENT_TEAM = 683BP79VXM;
				GENERATE_INFOPLIST_FILE = YES;
				IPHONEOS_DEPLOYMENT_TARGET = 15.0;
				LD_RUNPATH_SEARCH_PATHS = (
					"$(inherited)",
					"@executable_path/Frameworks",
					"@loader_path/Frameworks",
				);
				MARKETING_VERSION = 1.0;
				PRODUCT_BUNDLE_IDENTIFIER = com.bytedance.BytedanceTetrisTests;
				PRODUCT_NAME = "$(TARGET_NAME)";
				SWIFT_EMIT_LOC_STRINGS = NO;
				SWIFT_VERSION = 5.0;
				TARGETED_DEVICE_FAMILY = "1,2";
				TEST_HOST = "$(BUILT_PRODUCTS_DIR)/BytedanceTetris.app/BytedanceTetris";
			};
			name = Debug;
		};
		7384E6D7289CB106004FD81B /* Release */ = {
			isa = XCBuildConfiguration;
			buildSettings = {
				ALWAYS_EMBED_SWIFT_STANDARD_LIBRARIES = YES;
				BUNDLE_LOADER = "$(TEST_HOST)";
				CODE_SIGN_STYLE = Automatic;
				CURRENT_PROJECT_VERSION = 1;
				DEVELOPMENT_TEAM = 683BP79VXM;
				GENERATE_INFOPLIST_FILE = YES;
				IPHONEOS_DEPLOYMENT_TARGET = 15.0;
				LD_RUNPATH_SEARCH_PATHS = (
					"$(inherited)",
					"@executable_path/Frameworks",
					"@loader_path/Frameworks",
				);
				MARKETING_VERSION = 1.0;
				PRODUCT_BUNDLE_IDENTIFIER = com.bytedance.BytedanceTetrisTests;
				PRODUCT_NAME = "$(TARGET_NAME)";
				SWIFT_EMIT_LOC_STRINGS = NO;
				SWIFT_VERSION = 5.0;
				TARGETED_DEVICE_FAMILY = "1,2";
				TEST_HOST = "$(BUILT_PRODUCTS_DIR)/BytedanceTetris.app/BytedanceTetris";
			};
			name = Release;
		};
		7384E6D9289CB106004FD81B /* Debug */ = {
			isa = XCBuildConfiguration;
			buildSettings = {
				ALWAYS_EMBED_SWIFT_STANDARD_LIBRARIES = YES;
				CODE_SIGN_STYLE = Automatic;
				CURRENT_PROJECT_VERSION = 1;
				DEVELOPMENT_TEAM = 683BP79VXM;
				GENERATE_INFOPLIST_FILE = YES;
				LD_RUNPATH_SEARCH_PATHS = (
					"$(inherited)",
					"@executable_path/Frameworks",
					"@loader_path/Frameworks",
				);
				MARKETING_VERSION = 1.0;
				PRODUCT_BUNDLE_IDENTIFIER = com.bytedance.BytedanceTetrisUITests;
				PRODUCT_NAME = "$(TARGET_NAME)";
				SWIFT_EMIT_LOC_STRINGS = NO;
				SWIFT_VERSION = 5.0;
				TARGETED_DEVICE_FAMILY = "1,2";
				TEST_TARGET_NAME = BytedanceTetris;
			};
			name = Debug;
		};
		7384E6DA289CB106004FD81B /* Release */ = {
			isa = XCBuildConfiguration;
			buildSettings = {
				ALWAYS_EMBED_SWIFT_STANDARD_LIBRARIES = YES;
				CODE_SIGN_STYLE = Automatic;
				CURRENT_PROJECT_VERSION = 1;
				DEVELOPMENT_TEAM = 683BP79VXM;
				GENERATE_INFOPLIST_FILE = YES;
				LD_RUNPATH_SEARCH_PATHS = (
					"$(inherited)",
					"@executable_path/Frameworks",
					"@loader_path/Frameworks",
				);
				MARKETING_VERSION = 1.0;
				PRODUCT_BUNDLE_IDENTIFIER = com.bytedance.BytedanceTetrisUITests;
				PRODUCT_NAME = "$(TARGET_NAME)";
				SWIFT_EMIT_LOC_STRINGS = NO;
				SWIFT_VERSION = 5.0;
				TARGETED_DEVICE_FAMILY = "1,2";
				TEST_TARGET_NAME = BytedanceTetris;
			};
			name = Release;
		};
/* End XCBuildConfiguration section */

/* Begin XCConfigurationList section */
		7384E6A3289CB0FD004FD81B /* Build configuration list for PBXProject "BytedanceTetris" */ = {
			isa = XCConfigurationList;
			buildConfigurations = (
				7384E6D0289CB106004FD81B /* Debug */,
				7384E6D1289CB106004FD81B /* Release */,
			);
			defaultConfigurationIsVisible = 0;
			defaultConfigurationName = Release;
		};
		7384E6D2289CB106004FD81B /* Build configuration list for PBXNativeTarget "BytedanceTetris" */ = {
			isa = XCConfigurationList;
			buildConfigurations = (
				7384E6D3289CB106004FD81B /* Debug */,
				7384E6D4289CB106004FD81B /* Release */,
			);
			defaultConfigurationIsVisible = 0;
			defaultConfigurationName = Release;
		};
		7384E6D5289CB106004FD81B /* Build configuration list for PBXNativeTarget "BytedanceTetrisTests" */ = {
			isa = XCConfigurationList;
			buildConfigurations = (
				7384E6D6289CB106004FD81B /* Debug */,
				7384E6D7289CB106004FD81B /* Release */,
			);
			defaultConfigurationIsVisible = 0;
			defaultConfigurationName = Release;
		};
		7384E6D8289CB106004FD81B /* Build configuration list for PBXNativeTarget "BytedanceTetrisUITests" */ = {
			isa = XCConfigurationList;
			buildConfigurations = (
				7384E6D9289CB106004FD81B /* Debug */,
				7384E6DA289CB106004FD81B /* Release */,
			);
			defaultConfigurationIsVisible = 0;
			defaultConfigurationName = Release;
		};
/* End XCConfigurationList section */
	};
	rootObject = 7384E6A0289CB0FD004FD81B /* Project object */;
}
